// !$*UTF8*$!
{
	archiveVersion = 1;
	classes = {
	};
	objectVersion = 39;
	objects = {
		06F27B30FFEEEFEF11CA0E56 = {
			buildRules = (
			);
			buildSettings = {
				COPY_PHASE_STRIP = NO;
				CURRENT_PROJECT_VERSION = 3;
				DEPLOYMENT_LOCATION = NO;
				GCC_DYNAMIC_NO_PIC = NO;
				GCC_ENABLE_FIX_AND_CONTINUE = YES;
				GCC_ENABLE_OBJC_EXCEPTIONS = YES;
				GCC_GENERATE_DEBUGGING_SYMBOLS = YES;
				GCC_OPTIMIZATION_LEVEL = 0;
				OPTIMIZATION_CFLAGS = "-O0";
				ZERO_LINK = YES;
			};
			isa = PBXBuildStyle;
			name = Development;
		};
		06F27B31FFEEEFEF11CA0E56 = {
			buildRules = (
			);
			buildSettings = {
				COPY_PHASE_STRIP = YES;
				CURRENT_PROJECT_VERSION = 4;
				DEPLOYMENT_LOCATION = NO;
				DEPLOYMENT_POSTPROCESSING = YES;
				GCC_ENABLE_FIX_AND_CONTINUE = NO;
				GCC_ENABLE_OBJC_EXCEPTIONS = YES;
				VERSIONING_SYSTEM = "apple-generic";
				ZERO_LINK = NO;
			};
			isa = PBXBuildStyle;
			name = Deployment;
		};
//060
//061
//062
//063
//064
//080
//081
//082
//083
//084
		089C1669FE841209C02AAC07 = {
			buildSettings = {
			};
			buildStyles = (
				06F27B30FFEEEFEF11CA0E56,
				06F27B31FFEEEFEF11CA0E56,
			);
			hasScannedForEncodings = 1;
			isa = PBXProject;
			knownRegions = (
				English,
				Japanese,
				French,
				German,
				Spanish,
			);
			mainGroup = 089C166AFE841209C02AAC07;
			projectDirPath = "";
			targets = (
				372A7AD3054CABCD002E4C67,
				372A7AFB054CABDF002E4C67,
				372A7B1F054CABEA002E4C67,
			);
		};
		089C166AFE841209C02AAC07 = {
			children = (
				371AAD7F04DC3CA2000001CF,
				08FB77AFFE84173DC02AAC07,
				32DBCFA10370C40200C91783,
				089C167CFE841241C02AAC07,
				089C1671FE841209C02AAC07,
				19C28FB8FE9D52D311CA2CBB,
				372A7B1A054CABDF002E4C67,
				379D4CAF0699FD6B00D08BC2,
				372A7B30054CABEA002E4C67,
			);
			isa = PBXGroup;
			name = ClickBox;
			refType = 4;
			sourceTree = "<group>";
		};
		089C1671FE841209C02AAC07 = {
			children = (
				1058C7ACFEA557BF11CA2CBB,
				1058C7AEFEA557BF11CA2CBB,
			);
			isa = PBXGroup;
			name = "Frameworks and Libraries";
			refType = 4;
			sourceTree = "<group>";
		};
		089C1672FE841209C02AAC07 = {
			fallbackIsa = PBXFileReference;
			isa = PBXFrameworkReference;
			lastKnownFileType = wrapper.framework;
			name = Foundation.framework;
			path = /System/Library/Frameworks/Foundation.framework;
			refType = 0;
			sourceTree = "<absolute>";
		};
		089C167CFE841241C02AAC07 = {
			children = (
				3744AB340694B29F00D94D1E,
				37B2717A069172C900D7FD10,
				375CF3ED04FB2300000001CF,
				375CF3E104FAF603000001CF,
				F506C042013D9D8C01CA16C8,
				37ED565C04ECD433000001CF,
				37ED565904ECC83A000001CF,
				37940C6904DB0A4E000001CF,
				37940C6A04DB0A4E000001CF,
				375CF3E604FAF6B9000001CF,
				3744A75C06948DCC00D94D1E,
				3744A75D06948DCC00D94D1E,
				37940C6B04DB0A4E000001CF,
				37940C6C04DB0A4F000001CF,
				3723153904CF806C000001CF,
				F506C040013D9D8001CA16C8,
			);
			isa = PBXGroup;
			name = Resources;
			refType = 4;
			sourceTree = "<group>";
		};
		089C167FFE841241C02AAC07 = {
			fallbackIsa = PBXFileReference;
			isa = PBXFrameworkReference;
			lastKnownFileType = wrapper.framework;
			name = AppKit.framework;
			path = /System/Library/Frameworks/AppKit.framework;
			refType = 0;
			sourceTree = "<absolute>";
		};
		08FB77AFFE84173DC02AAC07 = {
			children = (
				F506C03C013D9D7901CA16C8,
				F506C03D013D9D7901CA16C8,
				37DE95B506524752006985D3,
				37DE95B606524752006985D3,
				37C3CB3104CDAD30000001CF,
				371E965004E1CAA9000001CF,
				371E965104E1CAA9000001CF,
			);
			isa = PBXGroup;
			name = Classes;
			refType = 4;
			sourceTree = "<group>";
		};
//080
//081
//082
//083
//084
//100
//101
//102
//103
//104
		1058C7ACFEA557BF11CA2CBB = {
			children = (
				1058C7ADFEA557BF11CA2CBB,
				F506C035013D953901CA16C8,
			);
			isa = PBXGroup;
			name = "Linked Frameworks";
			refType = 4;
			sourceTree = "<group>";
		};
		1058C7ADFEA557BF11CA2CBB = {
			fallbackIsa = PBXFileReference;
			isa = PBXFrameworkReference;
			lastKnownFileType = wrapper.framework;
			name = Cocoa.framework;
			path = /System/Library/Frameworks/Cocoa.framework;
			refType = 0;
			sourceTree = "<absolute>";
		};
		1058C7AEFEA557BF11CA2CBB = {
			children = (
				089C1672FE841209C02AAC07,
				089C167FFE841241C02AAC07,
			);
			isa = PBXGroup;
			name = "Other Frameworks";
			refType = 4;
			sourceTree = "<group>";
		};
//100
//101
//102
//103
//104
//190
//191
//192
//193
//194
		19C28FB8FE9D52D311CA2CBB = {
			children = (
				372A7B1B054CABDF002E4C67,
				372A7B31054CABEA002E4C67,
				3744AA600694AED700D94D1E,
			);
			isa = PBXGroup;
			name = Products;
			refType = 4;
			sourceTree = "<group>";
		};
//190
//191
//192
//193
//194
//320
//321
//322
//323
//324
		32DBCFA10370C40200C91783 = {
			children = (
				371E964D04E1C4C1000001CF,
				37C3CB3D04CDAD30000001CF,
				32DBCFA20370C41700C91783,
			);
			isa = PBXGroup;
			name = "Other Sources";
			path = "";
			refType = 4;
			sourceTree = "<group>";
		};
		32DBCFA20370C41700C91783 = {
			fileEncoding = 4;
			isa = PBXFileReference;
			lastKnownFileType = sourcecode.c.h;
			path = ClickBox_Prefix.h;
			refType = 4;
			sourceTree = "<group>";
		};
//320
//321
//322
//323
//324
//370
//371
//372
//373
//374
		371229DF05714D0A00A46218 = {
			isa = PBXFileReference;
			lastKnownFileType = text.rtf;
			name = French;
			path = French.lproj/Readme.rtf;
			refType = 4;
			sourceTree = "<group>";
		};
		371229E205714D2900A46218 = {
			isa = PBXFileReference;
			lastKnownFileType = wrapper.nib;
			name = French;
			path = French.lproj/ClickBoxPref.nib;
			refType = 4;
			sourceTree = "<group>";
		};
		371229E305714E0A00A46218 = {
			isa = PBXFileReference;
			lastKnownFileType = text.plist.strings;
			name = French;
			path = French.lproj/Localizable.strings;
			refType = 4;
			sourceTree = "<group>";
		};
		371229FA0571567500A46218 = {
			buildActionMask = 8;
			files = (
			);
			inputPaths = (
				CornerClick.prefPane,
			);
			isa = PBXShellScriptBuildPhase;
			outputPaths = (
				production/CornerClick.dmg,
			);
			runOnlyForDeploymentPostprocessing = 1;
			shellPath = /bin/sh;
			shellScript = "#!/bin/sh\nif [ -z \"$DO_FULL_DEPLOY\" ] ; then \n    exit 0\nfi\n\nPATH=$PATH:/Developer/Tools\nCP=CpMac\nMOUNTED=$BUILD_DIR/mounted\nmkdir production || echo \"production dir already exists\"\n$CP TemplateDmg.dmg production/CornerClick.dmg\nif [ -d \"/Volumes/Corner Click\" ] ; then\n    echo osascript -e \"Tell Application \\\"Finder\\\" to eject POSIX path \\\"/Volumes/Corner Click\\\"\"\nfi\nhdiutil attach production/CornerClick.dmg -mountpoint \"$MOUNTED\" \n\n$CP -r $BUILD_DIR/$FULL_PRODUCT_NAME \"$MOUNTED/$FULL_PRODUCT_NAME\"\n$CP English.lproj/Readme.rtf \"$MOUNTED/Readme - English.rtf\"\n#$CP Japanese.lproj/Readme.rtf \"$MOUNTED/Readme - Japanese - 日本語.rtf\"\n#$CP Spanish.lproj/Readme.rtf \"$MOUNTED/Readme - Spanish - Español.rtf\"\n#$CP French.lproj/Readme.rtf \"$MOUNTED/Readme - French - Français.rtf\"\n\n#hdiutil unmount \"$MOUNTED\"\n\n";
		};
		371AAD7F04DC3CA2000001CF = {
			children = (
				371AADA204DC3F45000001CF,
				371AAD9804DC3E9E000001CF,
				371AAD9904DC3E9E000001CF,
				371AAD9304DC3D3F000001CF,
				371AADA504DC426C000001CF,
			);
			isa = PBXGroup;
			name = testVis;
			path = "";
			refType = 4;
			sourceTree = "<group>";
		};
		371AAD9304DC3D3F000001CF = {
			children = (
				371AAD9504DC3E6C000001CF,
			);
			isa = PBXGroup;
			name = Resources;
			refType = 4;
			sourceTree = "<group>";
		};
		371AAD9504DC3E6C000001CF = {
			children = (
				371AAD9604DC3E6C000001CF,
			);
			isa = PBXVariantGroup;
			name = TestVis.nib;
			path = "";
			refType = 4;
			sourceTree = "<group>";
		};
		371AAD9604DC3E6C000001CF = {
			isa = PBXFileReference;
			lastKnownFileType = wrapper.nib;
			name = English;
			path = TestVis/English.lproj/TestVis.nib;
			refType = 4;
			sourceTree = "<group>";
		};
		371AAD9804DC3E9E000001CF = {
			fileEncoding = 30;
			isa = PBXFileReference;
			lastKnownFileType = sourcecode.c.h;
			name = VisControl.h;
			path = TestVis/VisControl.h;
			refType = 4;
			sourceTree = "<group>";
		};
		371AAD9904DC3E9E000001CF = {
			fileEncoding = 30;
			isa = PBXFileReference;
			lastKnownFileType = sourcecode.c.objc;
			name = VisControl.m;
			path = TestVis/VisControl.m;
			refType = 4;
			sourceTree = "<group>";
		};
		371AADA204DC3F45000001CF = {
			fileEncoding = 4;
			isa = PBXFileReference;
			lastKnownFileType = sourcecode.c.h;
			name = TestVis_Prefix.h;
			path = TestVis/TestVis_Prefix.h;
			refType = 4;
			sourceTree = "<group>";
		};
		371AADA504DC426C000001CF = {
			fileEncoding = 4;
			isa = PBXFileReference;
			lastKnownFileType = sourcecode.c.objc;
			name = main.m;
			path = TestVis/main.m;
			refType = 4;
			sourceTree = "<group>";
		};
		371E964D04E1C4C1000001CF = {
			fileEncoding = 4;
			isa = PBXFileReference;
			lastKnownFileType = sourcecode.c.h;
			path = common_prefix.h;
			refType = 2;
			sourceTree = SOURCE_ROOT;
		};
		371E965004E1CAA9000001CF = {
			fileEncoding = 4;
			isa = PBXFileReference;
			lastKnownFileType = sourcecode.c.h;
			path = CornerClickSupport.h;
			refType = 4;
			sourceTree = "<group>";
		};
		371E965104E1CAA9000001CF = {
			fileEncoding = 4;
			isa = PBXFileReference;
			lastKnownFileType = sourcecode.c.objc;
			path = CornerClickSupport.m;
			refType = 4;
			sourceTree = "<group>";
		};
		3723153404CF7AC3000001CF = {
			isa = PBXFileReference;
			lastKnownFileType = text.rtf;
			name = English;
			path = English.lproj/Readme.rtf;
			refType = 4;
			sourceTree = "<group>";
		};
		3723153904CF806C000001CF = {
			isa = PBXFileReference;
			lastKnownFileType = image.tiff;
			path = Logo.tiff;
			refType = 4;
			sourceTree = "<group>";
		};
		372A7AD3054CABCD002E4C67 = {
			buildPhases = (
				372A7AD5054CABCD002E4C67,
				372A7ADC054CABCD002E4C67,
				372A7AE9054CABCD002E4C67,
				372A7AEE054CABCD002E4C67,
				372A7AF1054CABCD002E4C67,
				371229FA0571567500A46218,
			);
			buildRules = (
			);
			buildSettings = {
				COPYING_PRESERVES_HFS_DATA = YES;
				CURRENT_PROJECT_VERSION = "";
				DEPLOYMENT_LOCATION = NO;
				DYLIB_CURRENT_VERSION = "";
				FRAMEWORK_SEARCH_PATHS = "";
				GCC_GENERATE_DEBUGGING_SYMBOLS = NO;
				GCC_PRECOMPILE_PREFIX_HEADER = YES;
				GCC_PREFIX_HEADER = ClickBox_Prefix.h;
				GCC_WARN_FOUR_CHARACTER_CONSTANTS = NO;
				GCC_WARN_UNKNOWN_PRAGMAS = NO;
				HEADER_SEARCH_PATHS = "";
				INFOPLIST_FILE = "Info-ClickBox__Upgraded_.plist";
				INSTALL_PATH = "$(HOME)/Library/PreferencePanes";
				LIBRARY_SEARCH_PATHS = "";
				OTHER_CFLAGS = "";
				OTHER_LDFLAGS = "-bundle -twolevel_namespace";
				OTHER_REZFLAGS = "";
				PRODUCT_NAME = CornerClick;
				SECTORDER_FLAGS = "";
				VERSIONING_SYSTEM = "apple-generic";
				WARNING_CFLAGS = "-Wmost";
				WRAPPER_EXTENSION = prefPane;
			};
			dependencies = (
				372A7B36054CAC02002E4C67,
			);
			isa = PBXNativeTarget;
			name = PrefPane;
			productInstallPath = "$(HOME)/Library/PreferencePanes";
			productName = ClickBox;
			productReference = 3744AA600694AED700D94D1E;
			productType = "com.apple.product-type.bundle";
		};
		372A7AD5054CABCD002E4C67 = {
			buildActionMask = 2147483647;
			files = (
				372A7AD6054CABCD002E4C67,
				372A7AD7054CABCD002E4C67,
				372A7AD8054CABCD002E4C67,
				372A7AD9054CABCD002E4C67,
				372A7ADA054CABCD002E4C67,
				372A7ADB054CABCD002E4C67,
				376408A106425346003E7644,
				376409020642571B003E7644,
				376409100642573E003E7644,
				37DE95B706524752006985D3,
			);
			isa = PBXHeadersBuildPhase;
			runOnlyForDeploymentPostprocessing = 0;
		};
		372A7AD6054CABCD002E4C67 = {
			fileRef = 32DBCFA20370C41700C91783;
			isa = PBXBuildFile;
			settings = {
			};
		};
		372A7AD7054CABCD002E4C67 = {
			fileRef = F506C03C013D9D7901CA16C8;
			isa = PBXBuildFile;
			settings = {
			};
		};
		372A7AD8054CABCD002E4C67 = {
			fileRef = 37C3CB3204CDAD30000001CF;
			isa = PBXBuildFile;
			settings = {
			};
		};
		372A7AD9054CABCD002E4C67 = {
			fileRef = 37C3CB3A04CDAD30000001CF;
			isa = PBXBuildFile;
			settings = {
			};
		};
		372A7ADA054CABCD002E4C67 = {
			fileRef = 371E964D04E1C4C1000001CF;
			isa = PBXBuildFile;
			settings = {
			};
		};
		372A7ADB054CABCD002E4C67 = {
			fileRef = 371E965004E1CAA9000001CF;
			isa = PBXBuildFile;
			settings = {
			};
		};
		372A7ADC054CABCD002E4C67 = {
			buildActionMask = 2147483647;
			files = (
				375934070640D987003D651A,
				372A7ADE054CABCD002E4C67,
				372A7AE0054CABCD002E4C67,
				372A7AE1054CABCD002E4C67,
				372A7AE2054CABCD002E4C67,
				372A7AE3054CABCD002E4C67,
				372A7AE4054CABCD002E4C67,
				372A7AE5054CABCD002E4C67,
				372A7AE6054CABCD002E4C67,
				372A7AE7054CABCD002E4C67,
				372A7AE8054CABCD002E4C67,
				3744AB350694B29F00D94D1E,
				37B2717C069172C900D7FD10,
				3744A75E06948DCC00D94D1E,
				3744A75F06948DCC00D94D1E,
			);
			isa = PBXResourcesBuildPhase;
			runOnlyForDeploymentPostprocessing = 0;
		};
		372A7ADE054CABCD002E4C67 = {
			fileRef = F506C042013D9D8C01CA16C8;
			isa = PBXBuildFile;
			settings = {
			};
		};
		372A7AE0054CABCD002E4C67 = {
			fileRef = 375CF3E104FAF603000001CF;
			isa = PBXBuildFile;
			settings = {
			};
		};
		372A7AE1054CABCD002E4C67 = {
			fileRef = 3723153904CF806C000001CF;
			isa = PBXBuildFile;
			settings = {
			};
		};
		372A7AE2054CABCD002E4C67 = {
			fileRef = 37940C6904DB0A4E000001CF;
			isa = PBXBuildFile;
			settings = {
			};
		};
		372A7AE3054CABCD002E4C67 = {
			fileRef = 37940C6A04DB0A4E000001CF;
			isa = PBXBuildFile;
			settings = {
			};
		};
		372A7AE4054CABCD002E4C67 = {
			fileRef = 37940C6B04DB0A4E000001CF;
			isa = PBXBuildFile;
			settings = {
			};
		};
		372A7AE5054CABCD002E4C67 = {
			fileRef = 37940C6C04DB0A4F000001CF;
			isa = PBXBuildFile;
			settings = {
			};
		};
		372A7AE6054CABCD002E4C67 = {
			fileRef = 37ED565904ECC83A000001CF;
			isa = PBXBuildFile;
			settings = {
			};
		};
		372A7AE7054CABCD002E4C67 = {
			fileRef = 375CF3E604FAF6B9000001CF;
			isa = PBXBuildFile;
			settings = {
			};
		};
		372A7AE8054CABCD002E4C67 = {
			fileRef = 375CF3ED04FB2300000001CF;
			isa = PBXBuildFile;
			settings = {
			};
		};
		372A7AE9054CABCD002E4C67 = {
			buildActionMask = 2147483647;
			files = (
				372A7AEA054CABCD002E4C67,
				372A7AEB054CABCD002E4C67,
				372A7AEC054CABCD002E4C67,
				372A7AED054CABCD002E4C67,
				376408A206425346003E7644,
				376409030642571B003E7644,
				376409110642573E003E7644,
				37DE95B806524752006985D3,
			);
			isa = PBXSourcesBuildPhase;
			runOnlyForDeploymentPostprocessing = 0;
		};
		372A7AEA054CABCD002E4C67 = {
			fileRef = F506C03D013D9D7901CA16C8;
			isa = PBXBuildFile;
			settings = {
			};
		};
		372A7AEB054CABCD002E4C67 = {
			fileRef = 37C3CB3304CDAD30000001CF;
			isa = PBXBuildFile;
			settings = {
			};
		};
		372A7AEC054CABCD002E4C67 = {
			fileRef = 37C3CB3B04CDAD30000001CF;
			isa = PBXBuildFile;
			settings = {
			};
		};
		372A7AED054CABCD002E4C67 = {
			fileRef = 371E965104E1CAA9000001CF;
			isa = PBXBuildFile;
			settings = {
			};
		};
		372A7AEE054CABCD002E4C67 = {
			buildActionMask = 2147483647;
			files = (
				372A7AEF054CABCD002E4C67,
				372A7AF0054CABCD002E4C67,
			);
			isa = PBXFrameworksBuildPhase;
			runOnlyForDeploymentPostprocessing = 0;
		};
		372A7AEF054CABCD002E4C67 = {
			fileRef = 1058C7ADFEA557BF11CA2CBB;
			isa = PBXBuildFile;
			settings = {
			};
		};
		372A7AF0054CABCD002E4C67 = {
			fileRef = F506C035013D953901CA16C8;
			isa = PBXBuildFile;
			settings = {
			};
		};
		372A7AF1054CABCD002E4C67 = {
			buildActionMask = 2147483647;
			files = (
			);
			isa = PBXRezBuildPhase;
			runOnlyForDeploymentPostprocessing = 0;
		};
		372A7AFB054CABDF002E4C67 = {
			buildPhases = (
				372A7AFC054CABDF002E4C67,
				372A7B05054CABDF002E4C67,
				372A7B0C054CABDF002E4C67,
				372A7B14054CABDF002E4C67,
				372A7B18054CABDF002E4C67,
			);
			buildRules = (
			);
			buildSettings = {
				CURRENT_PROJECT_VERSION = "";
				GCC_PRECOMPILE_PREFIX_HEADER = YES;
				GCC_PREFIX_HEADER = clickBG/CornerClickBG_Prefix.h;
				GCC_WARN_FOUR_CHARACTER_CONSTANTS = NO;
				GCC_WARN_UNKNOWN_PRAGMAS = NO;
				INFOPLIST_FILE = "Info-CornerClickBG__Upgraded_.plist";
				OTHER_CFLAGS = "";
				OTHER_LDFLAGS = "";
				OTHER_REZFLAGS = "";
				PRODUCT_NAME = CornerClickBG;
				SECTORDER_FLAGS = "";
				VERSIONING_SYSTEM = "apple-generic";
				WARNING_CFLAGS = "-Wmost";
				WRAPPER_EXTENSION = app;
			};
			dependencies = (
			);
			isa = PBXNativeTarget;
			name = CornerClickBG;
			productInstallPath = "$(USER_APPS_DIR)";
			productName = CornerClickBG;
			productReference = 372A7B1B054CABDF002E4C67;
			productType = "com.apple.product-type.application";
		};
		372A7AFC054CABDF002E4C67 = {
			buildActionMask = 2147483647;
			files = (
				372A7AFD054CABDF002E4C67,
				372A7AFE054CABDF002E4C67,
				372A7AFF054CABDF002E4C67,
				372A7B00054CABDF002E4C67,
				372A7B01054CABDF002E4C67,
				372A7B02054CABDF002E4C67,
				372A7B03054CABDF002E4C67,
				372A7B04054CABDF002E4C67,
				3764089F06425346003E7644,
				376409000642571B003E7644,
				3764090E0642573E003E7644,
				378E4348064A3B4A00628539,
			);
			isa = PBXHeadersBuildPhase;
			runOnlyForDeploymentPostprocessing = 0;
		};
		372A7AFD054CABDF002E4C67 = {
			fileRef = 37C3CB3204CDAD30000001CF;
			isa = PBXBuildFile;
			settings = {
			};
		};
		372A7AFE054CABDF002E4C67 = {
			fileRef = 37C3CB3404CDAD30000001CF;
			isa = PBXBuildFile;
			settings = {
			};
		};
		372A7AFF054CABDF002E4C67 = {
			fileRef = 37C3CB3604CDAD30000001CF;
			isa = PBXBuildFile;
			settings = {
			};
		};
		372A7B00054CABDF002E4C67 = {
			fileRef = 37C3CB3804CDAD30000001CF;
			isa = PBXBuildFile;
			settings = {
			};
		};
		372A7B01054CABDF002E4C67 = {
			fileRef = 37C3CB3A04CDAD30000001CF;
			isa = PBXBuildFile;
			settings = {
			};
		};
		372A7B02054CABDF002E4C67 = {
			fileRef = 37C3CB3D04CDAD30000001CF;
			isa = PBXBuildFile;
			settings = {
			};
		};
		372A7B03054CABDF002E4C67 = {
			fileRef = 371E964D04E1C4C1000001CF;
			isa = PBXBuildFile;
			settings = {
			};
		};
		372A7B04054CABDF002E4C67 = {
			fileRef = 371E965004E1CAA9000001CF;
			isa = PBXBuildFile;
			settings = {
			};
		};
		372A7B05054CABDF002E4C67 = {
			buildActionMask = 2147483647;
			files = (
				372A7B06054CABDF002E4C67,
				372A7B07054CABDF002E4C67,
				372A7B08054CABDF002E4C67,
				372A7B09054CABDF002E4C67,
				372A7B0A054CABDF002E4C67,
				372A7B0B054CABDF002E4C67,
			);
			isa = PBXResourcesBuildPhase;
			runOnlyForDeploymentPostprocessing = 0;
		};
		372A7B06054CABDF002E4C67 = {
			fileRef = 37C3CB5904CDADFF000001CF;
			isa = PBXBuildFile;
			settings = {
			};
		};
		372A7B07054CABDF002E4C67 = {
			fileRef = 37C3CB5B04CDADFF000001CF;
			isa = PBXBuildFile;
			settings = {
			};
		};
		372A7B08054CABDF002E4C67 = {
			fileRef = 37C3CBC604CE7BEA000001CF;
			isa = PBXBuildFile;
			settings = {
			};
		};
		372A7B09054CABDF002E4C67 = {
			fileRef = 37ED565C04ECD433000001CF;
			isa = PBXBuildFile;
			settings = {
			};
		};
		372A7B0A054CABDF002E4C67 = {
			fileRef = 375CF3E604FAF6B9000001CF;
			isa = PBXBuildFile;
			settings = {
			};
		};
		372A7B0B054CABDF002E4C67 = {
			fileRef = 375CF3ED04FB2300000001CF;
			isa = PBXBuildFile;
			settings = {
			};
		};
		372A7B0C054CABDF002E4C67 = {
			buildActionMask = 2147483647;
			files = (
				372A7B0D054CABDF002E4C67,
				372A7B0E054CABDF002E4C67,
				372A7B0F054CABDF002E4C67,
				372A7B10054CABDF002E4C67,
				372A7B11054CABDF002E4C67,
				372A7B12054CABDF002E4C67,
				372A7B13054CABDF002E4C67,
				376408A006425346003E7644,
				376409010642571B003E7644,
				3764090F0642573E003E7644,
				378E4349064A3B4A00628539,
			);
			isa = PBXSourcesBuildPhase;
			runOnlyForDeploymentPostprocessing = 0;
		};
		372A7B0D054CABDF002E4C67 = {
			fileRef = 37C3CB3304CDAD30000001CF;
			isa = PBXBuildFile;
			settings = {
			};
		};
		372A7B0E054CABDF002E4C67 = {
			fileRef = 37C3CB3504CDAD30000001CF;
			isa = PBXBuildFile;
			settings = {
			};
		};
		372A7B0F054CABDF002E4C67 = {
			fileRef = 37C3CB3704CDAD30000001CF;
			isa = PBXBuildFile;
			settings = {
			};
		};
		372A7B10054CABDF002E4C67 = {
			fileRef = 37C3CB3904CDAD30000001CF;
			isa = PBXBuildFile;
			settings = {
			};
		};
		372A7B11054CABDF002E4C67 = {
			fileRef = 37C3CB3B04CDAD30000001CF;
			isa = PBXBuildFile;
			settings = {
			};
		};
		372A7B12054CABDF002E4C67 = {
			fileRef = 37C3CB3C04CDAD30000001CF;
			isa = PBXBuildFile;
			settings = {
			};
		};
		372A7B13054CABDF002E4C67 = {
			fileRef = 371E965104E1CAA9000001CF;
			isa = PBXBuildFile;
			settings = {
			};
		};
		372A7B14054CABDF002E4C67 = {
			buildActionMask = 2147483647;
			files = (
				372A7B15054CABDF002E4C67,
				372A7B16054CABDF002E4C67,
				372A7B17054CABDF002E4C67,
			);
			isa = PBXFrameworksBuildPhase;
			runOnlyForDeploymentPostprocessing = 0;
		};
		372A7B15054CABDF002E4C67 = {
			fileRef = 1058C7ADFEA557BF11CA2CBB;
			isa = PBXBuildFile;
			settings = {
			};
		};
		372A7B16054CABDF002E4C67 = {
			fileRef = 089C167FFE841241C02AAC07;
			isa = PBXBuildFile;
			settings = {
			};
		};
		372A7B17054CABDF002E4C67 = {
			fileRef = 089C1672FE841209C02AAC07;
			isa = PBXBuildFile;
			settings = {
			};
		};
		372A7B18054CABDF002E4C67 = {
			buildActionMask = 2147483647;
			files = (
			);
			isa = PBXRezBuildPhase;
			runOnlyForDeploymentPostprocessing = 0;
		};
		372A7B1A054CABDF002E4C67 = {
			isa = PBXFileReference;
			lastKnownFileType = text.plist;
			path = "Info-CornerClickBG__Upgraded_.plist";
			refType = 4;
			sourceTree = "<group>";
		};
		372A7B1B054CABDF002E4C67 = {
			explicitFileType = wrapper.application;
			includeInIndex = 0;
			isa = PBXFileReference;
			path = CornerClickBG.app;
			refType = 3;
			sourceTree = BUILT_PRODUCTS_DIR;
		};
		372A7B1F054CABEA002E4C67 = {
			buildPhases = (
				372A7B20054CABEA002E4C67,
				372A7B24054CABEA002E4C67,
				372A7B26054CABEA002E4C67,
				372A7B2A054CABEA002E4C67,
				372A7B2E054CABEA002E4C67,
			);
			buildRules = (
			);
			buildSettings = {
				GCC_PREFIX_HEADER = TestVis/TestVis_Prefix.h;
				GCC_WARN_FOUR_CHARACTER_CONSTANTS = NO;
				GCC_WARN_UNKNOWN_PRAGMAS = NO;
				INFOPLIST_FILE = "Info-TestVis__Upgraded_.plist";
				OTHER_CFLAGS = "";
				OTHER_LDFLAGS = "";
				OTHER_REZFLAGS = "";
				PRODUCT_NAME = TestVis;
				SECTORDER_FLAGS = "";
				WARNING_CFLAGS = "-Wmost";
				WRAPPER_EXTENSION = app;
			};
			dependencies = (
			);
			isa = PBXNativeTarget;
			name = "TestVis (Upgraded)";
			productInstallPath = "$(USER_APPS_DIR)";
			productName = TestVis;
			productReference = 372A7B31054CABEA002E4C67;
			productType = "com.apple.product-type.application";
		};
		372A7B20054CABEA002E4C67 = {
			buildActionMask = 2147483647;
			files = (
				372A7B21054CABEA002E4C67,
				372A7B22054CABEA002E4C67,
				372A7B23054CABEA002E4C67,
			);
			isa = PBXHeadersBuildPhase;
			runOnlyForDeploymentPostprocessing = 0;
		};
		372A7B21054CABEA002E4C67 = {
			fileRef = 371AADA204DC3F45000001CF;
			isa = PBXBuildFile;
			settings = {
			};
		};
		372A7B22054CABEA002E4C67 = {
			fileRef = 37C3CB3A04CDAD30000001CF;
			isa = PBXBuildFile;
			settings = {
			};
		};
		372A7B23054CABEA002E4C67 = {
			fileRef = 371AAD9804DC3E9E000001CF;
			isa = PBXBuildFile;
			settings = {
			};
		};
		372A7B24054CABEA002E4C67 = {
			buildActionMask = 2147483647;
			files = (
				372A7B25054CABEA002E4C67,
			);
			isa = PBXResourcesBuildPhase;
			runOnlyForDeploymentPostprocessing = 0;
		};
		372A7B25054CABEA002E4C67 = {
			fileRef = 371AAD9504DC3E6C000001CF;
			isa = PBXBuildFile;
			settings = {
			};
		};
		372A7B26054CABEA002E4C67 = {
			buildActionMask = 2147483647;
			files = (
				372A7B27054CABEA002E4C67,
				372A7B28054CABEA002E4C67,
				372A7B29054CABEA002E4C67,
			);
			isa = PBXSourcesBuildPhase;
			runOnlyForDeploymentPostprocessing = 0;
		};
		372A7B27054CABEA002E4C67 = {
			fileRef = 371AAD9904DC3E9E000001CF;
			isa = PBXBuildFile;
			settings = {
			};
		};
		372A7B28054CABEA002E4C67 = {
			fileRef = 37C3CB3B04CDAD30000001CF;
			isa = PBXBuildFile;
			settings = {
			};
		};
		372A7B29054CABEA002E4C67 = {
			fileRef = 371AADA504DC426C000001CF;
			isa = PBXBuildFile;
			settings = {
			};
		};
		372A7B2A054CABEA002E4C67 = {
			buildActionMask = 2147483647;
			files = (
				372A7B2B054CABEA002E4C67,
				372A7B2C054CABEA002E4C67,
				372A7B2D054CABEA002E4C67,
			);
			isa = PBXFrameworksBuildPhase;
			runOnlyForDeploymentPostprocessing = 0;
		};
		372A7B2B054CABEA002E4C67 = {
			fileRef = 1058C7ADFEA557BF11CA2CBB;
			isa = PBXBuildFile;
			settings = {
			};
		};
		372A7B2C054CABEA002E4C67 = {
			fileRef = 089C1672FE841209C02AAC07;
			isa = PBXBuildFile;
			settings = {
			};
		};
		372A7B2D054CABEA002E4C67 = {
			fileRef = 089C167FFE841241C02AAC07;
			isa = PBXBuildFile;
			settings = {
			};
		};
		372A7B2E054CABEA002E4C67 = {
			buildActionMask = 2147483647;
			files = (
			);
			isa = PBXRezBuildPhase;
			runOnlyForDeploymentPostprocessing = 0;
		};
		372A7B30054CABEA002E4C67 = {
			isa = PBXFileReference;
			lastKnownFileType = text.plist;
			path = "Info-TestVis__Upgraded_.plist";
			refType = 4;
			sourceTree = "<group>";
		};
		372A7B31054CABEA002E4C67 = {
			explicitFileType = wrapper.application;
			includeInIndex = 0;
			isa = PBXFileReference;
			path = TestVis.app;
			refType = 3;
			sourceTree = BUILT_PRODUCTS_DIR;
		};
		372A7B35054CAC02002E4C67 = {
			containerPortal = 089C1669FE841209C02AAC07;
			isa = PBXContainerItemProxy;
			proxyType = 1;
			remoteGlobalIDString = 372A7AFB054CABDF002E4C67;
			remoteInfo = "CornerClickBG (Upgraded)";
		};
		372A7B36054CAC02002E4C67 = {
			isa = PBXTargetDependency;
			target = 372A7AFB054CABDF002E4C67;
			targetProxy = 372A7B35054CAC02002E4C67;
		};
		3744A75C06948DCC00D94D1E = {
			isa = PBXFileReference;
			lastKnownFileType = image.png;
			path = AddAction.png;
			refType = 4;
			sourceTree = "<group>";
		};
		3744A75D06948DCC00D94D1E = {
			isa = PBXFileReference;
			lastKnownFileType = image.png;
			path = RemoveAction.png;
			refType = 4;
			sourceTree = "<group>";
		};
		3744A75E06948DCC00D94D1E = {
			fileRef = 3744A75C06948DCC00D94D1E;
			isa = PBXBuildFile;
			settings = {
			};
		};
		3744A75F06948DCC00D94D1E = {
			fileRef = 3744A75D06948DCC00D94D1E;
			isa = PBXBuildFile;
			settings = {
			};
		};
		3744AA600694AED700D94D1E = {
			explicitFileType = wrapper.cfbundle;
			includeInIndex = 0;
			isa = PBXFileReference;
			path = CornerClick.prefPane;
			refType = 3;
			sourceTree = BUILT_PRODUCTS_DIR;
		};
		3744AB340694B29F00D94D1E = {
			children = (
				37DE9483065213BE006985D3,
				37B012540698BC3500E7D0FF,
			);
			isa = PBXVariantGroup;
			name = Information.rtf;
			refType = 4;
			sourceTree = "<group>";
		};
		3744AB350694B29F00D94D1E = {
			fileRef = 3744AB340694B29F00D94D1E;
			isa = PBXBuildFile;
			settings = {
			};
		};
		375934070640D987003D651A = {
			fileRef = 372A7B1B054CABDF002E4C67;
			isa = PBXBuildFile;
			settings = {
			};
		};
		375CF3E104FAF603000001CF = {
			children = (
				3723153404CF7AC3000001CF,
				371229DF05714D0A00A46218,
			);
			isa = PBXVariantGroup;
			name = Readme.rtf;
			path = "";
			refType = 4;
			sourceTree = "<group>";
		};
		375CF3E604FAF6B9000001CF = {
			isa = PBXFileReference;
			lastKnownFileType = image.tiff;
			path = BookmarkPreferences.tiff;
			refType = 4;
			sourceTree = "<group>";
		};
		375CF3ED04FB2300000001CF = {
			children = (
				375CF3EE04FB2300000001CF,
				375CF3F104FBAC0B000001CF,
				3779428D0547268B00E76D21,
				371229E305714E0A00A46218,
				3798ADF3064FFB9900E6DD8A,
			);
			isa = PBXVariantGroup;
			name = Localizable.strings;
			path = "";
			refType = 4;
			sourceTree = "<group>";
		};
		375CF3EE04FB2300000001CF = {
			fileEncoding = 30;
			isa = PBXFileReference;
			lastKnownFileType = text.plist.strings;
			name = English;
			path = English.lproj/Localizable.strings;
			refType = 4;
			sourceTree = "<group>";
		};
		375CF3F104FBAC0B000001CF = {
			isa = PBXFileReference;
			lastKnownFileType = text.plist.strings;
			name = Japanese;
			path = Japanese.lproj/Localizable.strings;
			refType = 4;
			sourceTree = "<group>";
		};
		3764089D06425346003E7644 = {
			fileEncoding = 4;
			isa = PBXFileReference;
			lastKnownFileType = sourcecode.c.h;
			path = BubbleView.h;
			refType = 4;
			sourceTree = "<group>";
		};
		3764089E06425346003E7644 = {
			fileEncoding = 4;
			isa = PBXFileReference;
			lastKnownFileType = sourcecode.c.objc;
			path = BubbleView.m;
			refType = 4;
			sourceTree = "<group>";
		};
		3764089F06425346003E7644 = {
			fileRef = 3764089D06425346003E7644;
			isa = PBXBuildFile;
			settings = {
			};
		};
		376408A006425346003E7644 = {
			fileRef = 3764089E06425346003E7644;
			isa = PBXBuildFile;
			settings = {
			};
		};
		376408A106425346003E7644 = {
			fileRef = 3764089D06425346003E7644;
			isa = PBXBuildFile;
			settings = {
			};
		};
		376408A206425346003E7644 = {
			fileRef = 3764089E06425346003E7644;
			isa = PBXBuildFile;
			settings = {
			};
		};
		376408FE0642571B003E7644 = {
			fileEncoding = 4;
			isa = PBXFileReference;
			lastKnownFileType = sourcecode.c.h;
			path = BubbleActionsList.h;
			refType = 4;
			sourceTree = "<group>";
		};
		376408FF0642571B003E7644 = {
			fileEncoding = 4;
			isa = PBXFileReference;
			lastKnownFileType = sourcecode.c.objc;
			path = BubbleActionsList.m;
			refType = 4;
			sourceTree = "<group>";
		};
		376409000642571B003E7644 = {
			fileRef = 376408FE0642571B003E7644;
			isa = PBXBuildFile;
			settings = {
			};
		};
		376409010642571B003E7644 = {
			fileRef = 376408FF0642571B003E7644;
			isa = PBXBuildFile;
			settings = {
			};
		};
		376409020642571B003E7644 = {
			fileRef = 376408FE0642571B003E7644;
			isa = PBXBuildFile;
			settings = {
			};
		};
		376409030642571B003E7644 = {
			fileRef = 376408FF0642571B003E7644;
			isa = PBXBuildFile;
			settings = {
			};
		};
		3764090C0642573E003E7644 = {
			fileEncoding = 4;
			isa = PBXFileReference;
			lastKnownFileType = sourcecode.c.h;
			path = BubbleAction.h;
			refType = 4;
			sourceTree = "<group>";
		};
		3764090D0642573E003E7644 = {
			fileEncoding = 4;
			isa = PBXFileReference;
			lastKnownFileType = sourcecode.c.objc;
			path = BubbleAction.m;
			refType = 4;
			sourceTree = "<group>";
		};
		3764090E0642573E003E7644 = {
			fileRef = 3764090C0642573E003E7644;
			isa = PBXBuildFile;
			settings = {
			};
		};
		3764090F0642573E003E7644 = {
			fileRef = 3764090D0642573E003E7644;
			isa = PBXBuildFile;
			settings = {
			};
		};
		376409100642573E003E7644 = {
			fileRef = 3764090C0642573E003E7644;
			isa = PBXBuildFile;
			settings = {
			};
		};
		376409110642573E003E7644 = {
			fileRef = 3764090D0642573E003E7644;
			isa = PBXBuildFile;
			settings = {
			};
		};
		3779428D0547268B00E76D21 = {
			isa = PBXFileReference;
			lastKnownFileType = text.plist.strings;
			name = Spanish;
			path = Spanish.lproj/Localizable.strings;
			refType = 4;
			sourceTree = "<group>";
		};
		378E4346064A3B4A00628539 = {
			fileEncoding = 4;
			isa = PBXFileReference;
			lastKnownFileType = sourcecode.c.h;
			path = ClickApp.h;
			refType = 4;
			sourceTree = "<group>";
		};
		378E4347064A3B4A00628539 = {
			fileEncoding = 4;
			isa = PBXFileReference;
			lastKnownFileType = sourcecode.c.objc;
			path = ClickApp.m;
			refType = 4;
			sourceTree = "<group>";
		};
		378E4348064A3B4A00628539 = {
			fileRef = 378E4346064A3B4A00628539;
			isa = PBXBuildFile;
			settings = {
			};
		};
		378E4349064A3B4A00628539 = {
			fileRef = 378E4347064A3B4A00628539;
			isa = PBXBuildFile;
			settings = {
			};
		};
		37940C6904DB0A4E000001CF = {
			isa = PBXFileReference;
			lastKnownFileType = image.tiff;
			path = 2.tiff;
			refType = 4;
			sourceTree = "<group>";
		};
		37940C6A04DB0A4E000001CF = {
			isa = PBXFileReference;
			lastKnownFileType = image.tiff;
			path = 0.tiff;
			refType = 4;
			sourceTree = "<group>";
		};
		37940C6B04DB0A4E000001CF = {
			isa = PBXFileReference;
			lastKnownFileType = image.tiff;
			path = 1.tiff;
			refType = 4;
			sourceTree = "<group>";
		};
		37940C6C04DB0A4F000001CF = {
			isa = PBXFileReference;
			lastKnownFileType = image.tiff;
			path = 3.tiff;
			refType = 4;
			sourceTree = "<group>";
		};
		3798ADF3064FFB9900E6DD8A = {
			isa = PBXFileReference;
			lastKnownFileType = text.plist.strings;
			name = German;
			path = German.lproj/Localizable.strings;
			refType = 4;
			sourceTree = "<group>";
		};
		379D4CAF0699FD6B00D08BC2 = {
			fileEncoding = 30;
			isa = PBXFileReference;
			lastKnownFileType = text.plist.xml;
			path = "Info-ClickBox__Upgraded_.plist";
			refType = 4;
			sourceTree = "<group>";
		};
		37B012540698BC3500E7D0FF = {
			isa = PBXFileReference;
			lastKnownFileType = text.rtf;
			name = French;
			path = French.lproj/Information.rtf;
			refType = 4;
			sourceTree = "<group>";
		};
		37B0125C0698BC3C00E7D0FF = {
			isa = PBXFileReference;
			lastKnownFileType = text.plist.xml;
			name = French;
			path = French.lproj/quickFiles.plist;
			refType = 4;
			sourceTree = "<group>";
		};
		37B2717A069172C900D7FD10 = {
			children = (
				37B2717B069172C900D7FD10,
				37B0125C0698BC3C00E7D0FF,
			);
			isa = PBXVariantGroup;
			name = quickFiles.plist;
			path = "";
			refType = 4;
			sourceTree = "<group>";
		};
		37B2717B069172C900D7FD10 = {
			fileEncoding = 30;
			isa = PBXFileReference;
			lastKnownFileType = text.plist.xml;
			name = English;
			path = English.lproj/quickFiles.plist;
			refType = 4;
			sourceTree = "<group>";
		};
		37B2717C069172C900D7FD10 = {
			fileRef = 37B2717A069172C900D7FD10;
			isa = PBXBuildFile;
			settings = {
			};
		};
		37C3CB3104CDAD30000001CF = {
			children = (
				37C3CB3C04CDAD30000001CF,
				37C3CB3204CDAD30000001CF,
				37C3CB3304CDAD30000001CF,
				37C3CB3404CDAD30000001CF,
				37C3CB3504CDAD30000001CF,
				37C3CB3604CDAD30000001CF,
				37C3CB3704CDAD30000001CF,
				37C3CB3804CDAD30000001CF,
				37C3CB3904CDAD30000001CF,
				37C3CB3A04CDAD30000001CF,
				37C3CB3B04CDAD30000001CF,
				3764089D06425346003E7644,
				3764089E06425346003E7644,
				37C3CB5804CDADFF000001CF,
				376408FE0642571B003E7644,
				376408FF0642571B003E7644,
				3764090C0642573E003E7644,
				3764090D0642573E003E7644,
				378E4346064A3B4A00628539,
				378E4347064A3B4A00628539,
			);
			isa = PBXGroup;
			path = clickBG;
			refType = 4;
			sourceTree = "<group>";
		};
		37C3CB3204CDAD30000001CF = {
			fileEncoding = 30;
			isa = PBXFileReference;
			lastKnownFileType = sourcecode.c.h;
			path = ClickAction.h;
			refType = 4;
			sourceTree = "<group>";
		};
		37C3CB3304CDAD30000001CF = {
			fileEncoding = 30;
			isa = PBXFileReference;
			lastKnownFileType = sourcecode.c.objc;
			path = ClickAction.m;
			refType = 4;
			sourceTree = "<group>";
		};
		37C3CB3404CDAD30000001CF = {
			fileEncoding = 30;
			isa = PBXFileReference;
			lastKnownFileType = sourcecode.c.h;
			path = Clicker.h;
			refType = 4;
			sourceTree = "<group>";
		};
		37C3CB3504CDAD30000001CF = {
			fileEncoding = 30;
			isa = PBXFileReference;
			lastKnownFileType = sourcecode.c.objc;
			path = Clicker.m;
			refType = 4;
			sourceTree = "<group>";
		};
		37C3CB3604CDAD30000001CF = {
			fileEncoding = 30;
			isa = PBXFileReference;
			lastKnownFileType = sourcecode.c.h;
			path = ClickView.h;
			refType = 4;
			sourceTree = "<group>";
		};
		37C3CB3704CDAD30000001CF = {
			fileEncoding = 30;
			isa = PBXFileReference;
			lastKnownFileType = sourcecode.c.objc;
			path = ClickView.m;
			refType = 4;
			sourceTree = "<group>";
		};
		37C3CB3804CDAD30000001CF = {
			fileEncoding = 30;
			isa = PBXFileReference;
			lastKnownFileType = sourcecode.c.h;
			path = ClickWindow.h;
			refType = 4;
			sourceTree = "<group>";
		};
		37C3CB3904CDAD30000001CF = {
			fileEncoding = 30;
			isa = PBXFileReference;
			lastKnownFileType = sourcecode.c.objc;
			path = ClickWindow.m;
			refType = 4;
			sourceTree = "<group>";
		};
		37C3CB3A04CDAD30000001CF = {
			fileEncoding = 30;
			isa = PBXFileReference;
			lastKnownFileType = sourcecode.c.h;
			path = GrayView.h;
			refType = 4;
			sourceTree = "<group>";
		};
		37C3CB3B04CDAD30000001CF = {
			fileEncoding = 30;
			isa = PBXFileReference;
			lastKnownFileType = sourcecode.c.objc;
			path = GrayView.m;
			refType = 4;
			sourceTree = "<group>";
		};
		37C3CB3C04CDAD30000001CF = {
			fileEncoding = 30;
			isa = PBXFileReference;
			lastKnownFileType = sourcecode.c.objc;
			path = main.m;
			refType = 4;
			sourceTree = "<group>";
		};
		37C3CB3D04CDAD30000001CF = {
			fileEncoding = 30;
			isa = PBXFileReference;
			lastKnownFileType = sourcecode.c.h;
			name = CornerClickBG_Prefix.h;
			path = clickBG/CornerClickBG_Prefix.h;
			refType = 4;
			sourceTree = "<group>";
		};
		37C3CB5804CDADFF000001CF = {
			children = (
				37C3CBC604CE7BEA000001CF,
				37C3CB5904CDADFF000001CF,
				37C3CB5B04CDADFF000001CF,
			);
			isa = PBXGroup;
			path = English.lproj;
			refType = 4;
			sourceTree = "<group>";
		};
		37C3CB5904CDADFF000001CF = {
			children = (
				37C3CB5A04CDADFF000001CF,
			);
			isa = PBXVariantGroup;
			name = InfoPlist.strings;
			path = "";
			refType = 4;
			sourceTree = "<group>";
		};
		37C3CB5A04CDADFF000001CF = {
			fileEncoding = 30;
			isa = PBXFileReference;
			lastKnownFileType = text.plist.strings;
			name = English;
			path = InfoPlist.strings;
			refType = 4;
			sourceTree = "<group>";
		};
		37C3CB5B04CDADFF000001CF = {
			children = (
				37C3CB5C04CDADFF000001CF,
			);
			isa = PBXVariantGroup;
			name = MainMenu.nib;
			path = "";
			refType = 4;
			sourceTree = "<group>";
		};
		37C3CB5C04CDADFF000001CF = {
			isa = PBXFileReference;
			lastKnownFileType = wrapper.nib;
			name = English;
			path = MainMenu.nib;
			refType = 4;
			sourceTree = "<group>";
		};
		37C3CBC604CE7BEA000001CF = {
			children = (
				37C3CBC704CE7BEA000001CF,
			);
			isa = PBXVariantGroup;
			name = BookmarkPreferences.tiff;
			path = "";
			refType = 4;
			sourceTree = "<group>";
		};
		37C3CBC704CE7BEA000001CF = {
			isa = PBXFileReference;
			lastKnownFileType = image.tiff;
			name = English;
			path = BookmarkPreferences.tiff;
			refType = 4;
			sourceTree = "<group>";
		};
		37DE9483065213BE006985D3 = {
			isa = PBXFileReference;
			lastKnownFileType = text.rtf;
			name = English;
			path = English.lproj/Information.rtf;
			refType = 4;
			sourceTree = "<group>";
		};
		37DE95B506524752006985D3 = {
			fileEncoding = 30;
			isa = PBXFileReference;
			lastKnownFileType = sourcecode.c.h;
			path = FileActionMenuItem.h;
			refType = 4;
			sourceTree = "<group>";
		};
		37DE95B606524752006985D3 = {
			fileEncoding = 30;
			isa = PBXFileReference;
			lastKnownFileType = sourcecode.c.objc;
			path = FileActionMenuItem.m;
			refType = 4;
			sourceTree = "<group>";
		};
		37DE95B706524752006985D3 = {
			fileRef = 37DE95B506524752006985D3;
			isa = PBXBuildFile;
			settings = {
			};
		};
		37DE95B806524752006985D3 = {
			fileRef = 37DE95B606524752006985D3;
			isa = PBXBuildFile;
			settings = {
			};
		};
		37ED565904ECC83A000001CF = {
			isa = PBXFileReference;
			lastKnownFileType = image.tiff;
			path = CornerClickIcon.tiff;
			refType = 4;
			sourceTree = "<group>";
		};
		37ED565C04ECD433000001CF = {
			isa = PBXFileReference;
			lastKnownFileType = image.icns;
			name = CornerClick.icns;
			path = "extra stuff/CornerClick.icns";
			refType = 4;
			sourceTree = "<group>";
		};
//370
//371
//372
//373
//374
//F50
//F51
//F52
//F53
//F54
		F506C035013D953901CA16C8 = {
			fallbackIsa = PBXFileReference;
			isa = PBXFrameworkReference;
			lastKnownFileType = wrapper.framework;
			name = PreferencePanes.framework;
			path = /System/Library/Frameworks/PreferencePanes.framework;
			refType = 0;
			sourceTree = "<absolute>";
		};
		F506C03C013D9D7901CA16C8 = {
			fileEncoding = 4;
			isa = PBXFileReference;
			lastKnownFileType = sourcecode.c.h;
			path = ClickBoxPref.h;
			refType = 4;
			sourceTree = "<group>";
		};
		F506C03D013D9D7901CA16C8 = {
			fileEncoding = 4;
			isa = PBXFileReference;
			lastKnownFileType = sourcecode.c.objc;
			path = ClickBoxPref.m;
			refType = 4;
			sourceTree = "<group>";
		};
		F506C040013D9D8001CA16C8 = {
			isa = PBXFileReference;
			lastKnownFileType = image.tiff;
			path = ClickBoxPref.tiff;
			refType = 4;
			sourceTree = "<group>";
		};
		F506C042013D9D8C01CA16C8 = {
			children = (
				F506C043013D9D8C01CA16C8,
				371229E205714D2900A46218,
			);
			isa = PBXVariantGroup;
			name = ClickBoxPref.nib;
			path = "";
			refType = 4;
			sourceTree = "<group>";
		};
		F506C043013D9D8C01CA16C8 = {
			isa = PBXFileReference;
			lastKnownFileType = wrapper.nib;
			name = English;
			path = English.lproj/ClickBoxPref.nib;
			refType = 4;
			sourceTree = "<group>";
		};
	};
	rootObject = 089C1669FE841209C02AAC07;
}
